
Microsoft Visual Studio Solution File, Format Version 12.00
# Visual Studio Version 16
VisualStudioVersion = 16.0.29020.237
MinimumVisualStudioVersion = 10.0.40219.1
Project("{FAE04EC0-301F-11D3-BF4B-00C04F79EFBC}") = "webtoon_collector.UWP", "webtoon_collector\webtoon_collector.UWP\webtoon_collector.UWP.csproj", "{3A83B2E4-7AFB-4D81-A369-1D6DFD3D1C0D}"
EndProject
Project("{FAE04EC0-301F-11D3-BF4B-00C04F79EFBC}") = "webtoon_collector.Android", "webtoon_collector\webtoon_collector.Android\webtoon_collector.Android.csproj", "{F2F0EB56-7546-4FB4-AE8F-6328F6753256}"
EndProject
Project("{FAE04EC0-301F-11D3-BF4B-00C04F79EFBC}") = "webtoon_collector.iOS", "webtoon_collector\webtoon_collector.iOS\webtoon_collector.iOS.csproj", "{B5D99896-E198-41EE-863C-AA9B5A2BCA53}"
EndProject
Project("{FAE04EC0-301F-11D3-BF4B-00C04F79EFBC}") = "webtoon_collector", "webtoon_collector\webtoon_collector\webtoon_collector.csproj", "{F9C97864-654F-4C3C-986A-65A22D59C8E3}"
EndProject
Global
	GlobalSection(SolutionConfigurationPlatforms) = preSolution
		Debug|Any CPU = Debug|Any CPU
		Debug|ARM = Debug|ARM
		Debug|iPhone = Debug|iPhone
		Debug|iPhoneSimulator = Debug|iPhoneSimulator
		Debug|x64 = Debug|x64
		Debug|x86 = Debug|x86
		Release|Any CPU = Release|Any CPU
		Release|ARM = Release|ARM
		Release|iPhone = Release|iPhone
		Release|iPhoneSimulator = Release|iPhoneSimulator
		Release|x64 = Release|x64
		Release|x86 = Release|x86
	EndGlobalSection
	GlobalSection(ProjectConfigurationPlatforms) = postSolution
		{3A83B2E4-7AFB-4D81-A369-1D6DFD3D1C0D}.Debug|Any CPU.ActiveCfg = Debug|x86
		{3A83B2E4-7AFB-4D81-A369-1D6DFD3D1C0D}.Debug|Any CPU.Build.0 = Debug|x86
		{3A83B2E4-7AFB-4D81-A369-1D6DFD3D1C0D}.Debug|Any CPU.Deploy.0 = Debug|x86
		{3A83B2E4-7AFB-4D81-A369-1D6DFD3D1C0D}.Debug|ARM.ActiveCfg = Debug|ARM
		{3A83B2E4-7AFB-4D81-A369-1D6DFD3D1C0D}.Debug|ARM.Build.0 = Debug|ARM
		{3A83B2E4-7AFB-4D81-A369-1D6DFD3D1C0D}.Debug|ARM.Deploy.0 = Debug|ARM
		{3A83B2E4-7AFB-4D81-A369-1D6DFD3D1C0D}.Debug|iPhone.ActiveCfg = Debug|x86
		{3A83B2E4-7AFB-4D81-A369-1D6DFD3D1C0D}.Debug|iPhone.Build.0 = Debug|x86
		{3A83B2E4-7AFB-4D81-A369-1D6DFD3D1C0D}.Debug|iPhone.Deploy.0 = Debug|x86
		{3A83B2E4-7AFB-4D81-A369-1D6DFD3D1C0D}.Debug|iPhoneSimulator.ActiveCfg = Debug|x86
		{3A83B2E4-7AFB-4D81-A369-1D6DFD3D1C0D}.Debug|iPhoneSimulator.Build.0 = Debug|x86
		{3A83B2E4-7AFB-4D81-A369-1D6DFD3D1C0D}.Debug|iPhoneSimulator.Deploy.0 = Debug|x86
		{3A83B2E4-7AFB-4D81-A369-1D6DFD3D1C0D}.Debug|x64.ActiveCfg = Debug|x64
		{3A83B2E4-7AFB-4D81-A369-1D6DFD3D1C0D}.Debug|x64.Build.0 = Debug|x64
		{3A83B2E4-7AFB-4D81-A369-1D6DFD3D1C0D}.Debug|x64.Deploy.0 = Debug|x64
		{3A83B2E4-7AFB-4D81-A369-1D6DFD3D1C0D}.Debug|x86.ActiveCfg = Debug|x86
		{3A83B2E4-7AFB-4D81-A369-1D6DFD3D1C0D}.Debug|x86.Build.0 = Debug|x86
		{3A83B2E4-7AFB-4D81-A369-1D6DFD3D1C0D}.Debug|x86.Deploy.0 = Debug|x86
		{3A83B2E4-7AFB-4D81-A369-1D6DFD3D1C0D}.Release|Any CPU.ActiveCfg = Release|x86
		{3A83B2E4-7AFB-4D81-A369-1D6DFD3D1C0D}.Release|Any CPU.Build.0 = Release|x86
		{3A83B2E4-7AFB-4D81-A369-1D6DFD3D1C0D}.Release|Any CPU.Deploy.0 = Release|x86
		{3A83B2E4-7AFB-4D81-A369-1D6DFD3D1C0D}.Release|ARM.ActiveCfg = Release|ARM
		{3A83B2E4-7AFB-4D81-A369-1D6DFD3D1C0D}.Release|ARM.Build.0 = Release|ARM
		{3A83B2E4-7AFB-4D81-A369-1D6DFD3D1C0D}.Release|ARM.Deploy.0 = Release|ARM
		{3A83B2E4-7AFB-4D81-A369-1D6DFD3D1C0D}.Release|iPhone.ActiveCfg = Release|x86
		{3A83B2E4-7AFB-4D81-A369-1D6DFD3D1C0D}.Release|iPhone.Build.0 = Release|x86
		{3A83B2E4-7AFB-4D81-A369-1D6DFD3D1C0D}.Release|iPhone.Deploy.0 = Release|x86
		{3A83B2E4-7AFB-4D81-A369-1D6DFD3D1C0D}.Release|iPhoneSimulator.ActiveCfg = Release|x86
		{3A83B2E4-7AFB-4D81-A369-1D6DFD3D1C0D}.Release|iPhoneSimulator.Build.0 = Release|x86
		{3A83B2E4-7AFB-4D81-A369-1D6DFD3D1C0D}.Release|iPhoneSimulator.Deploy.0 = Release|x86
		{3A83B2E4-7AFB-4D81-A369-1D6DFD3D1C0D}.Release|x64.ActiveCfg = Release|x64
		{3A83B2E4-7AFB-4D81-A369-1D6DFD3D1C0D}.Release|x64.Build.0 = Release|x64
		{3A83B2E4-7AFB-4D81-A369-1D6DFD3D1C0D}.Release|x64.Deploy.0 = Release|x64
		{3A83B2E4-7AFB-4D81-A369-1D6DFD3D1C0D}.Release|x86.ActiveCfg = Release|x86
		{3A83B2E4-7AFB-4D81-A369-1D6DFD3D1C0D}.Release|x86.Build.0 = Release|x86
		{3A83B2E4-7AFB-4D81-A369-1D6DFD3D1C0D}.Release|x86.Deploy.0 = Release|x86
		{F2F0EB56-7546-4FB4-AE8F-6328F6753256}.Debug|Any CPU.ActiveCfg = Debug|Any CPU
		{F2F0EB56-7546-4FB4-AE8F-6328F6753256}.Debug|Any CPU.Build.0 = Debug|Any CPU
		{F2F0EB56-7546-4FB4-AE8F-6328F6753256}.Debug|Any CPU.Deploy.0 = Debug|Any CPU
		{F2F0EB56-7546-4FB4-AE8F-6328F6753256}.Debug|ARM.ActiveCfg = Debug|Any CPU
		{F2F0EB56-7546-4FB4-AE8F-6328F6753256}.Debug|ARM.Build.0 = Debug|Any CPU
		{F2F0EB56-7546-4FB4-AE8F-6328F6753256}.Debug|ARM.Deploy.0 = Debug|Any CPU
		{F2F0EB56-7546-4FB4-AE8F-6328F6753256}.Debug|iPhone.ActiveCfg = Debug|Any CPU
		{F2F0EB56-7546-4FB4-AE8F-6328F6753256}.Debug|iPhone.Build.0 = Debug|Any CPU
		{F2F0EB56-7546-4FB4-AE8F-6328F6753256}.Debug|iPhone.Deploy.0 = Debug|Any CPU
		{F2F0EB56-7546-4FB4-AE8F-6328F6753256}.Debug|iPhoneSimulator.ActiveCfg = Debug|Any CPU
		{F2F0EB56-7546-4FB4-AE8F-6328F6753256}.Debug|iPhoneSimulator.Build.0 = Debug|Any CPU
		{F2F0EB56-7546-4FB4-AE8F-6328F6753256}.Debug|iPhoneSimulator.Deploy.0 = Debug|Any CPU
		{F2F0EB56-7546-4FB4-AE8F-6328F6753256}.Debug|x64.ActiveCfg = Debug|Any CPU
		{F2F0EB56-7546-4FB4-AE8F-6328F6753256}.Debug|x64.Build.0 = Debug|Any CPU
		{F2F0EB56-7546-4FB4-AE8F-6328F6753256}.Debug|x64.Deploy.0 = Debug|Any CPU
		{F2F0EB56-7546-4FB4-AE8F-6328F6753256}.Debug|x86.ActiveCfg = Debug|Any CPU
		{F2F0EB56-7546-4FB4-AE8F-6328F6753256}.Debug|x86.Build.0 = Debug|Any CPU
		{F2F0EB56-7546-4FB4-AE8F-6328F6753256}.Debug|x86.Deploy.0 = Debug|Any CPU
		{F2F0EB56-7546-4FB4-AE8F-6328F6753256}.Release|Any CPU.ActiveCfg = Release|Any CPU
		{F2F0EB56-7546-4FB4-AE8F-6328F6753256}.Release|Any CPU.Build.0 = Release|Any CPU
		{F2F0EB56-7546-4FB4-AE8F-6328F6753256}.Release|Any CPU.Deploy.0 = Release|Any CPU
		{F2F0EB56-7546-4FB4-AE8F-6328F6753256}.Release|ARM.ActiveCfg = Release|Any CPU
		{F2F0EB56-7546-4FB4-AE8F-6328F6753256}.Release|ARM.Build.0 = Release|Any CPU
		{F2F0EB56-7546-4FB4-AE8F-6328F6753256}.Release|ARM.Deploy.0 = Release|Any CPU
		{F2F0EB56-7546-4FB4-AE8F-6328F6753256}.Release|iPhone.ActiveCfg = Release|Any CPU
		{F2F0EB56-7546-4FB4-AE8F-6328F6753256}.Release|iPhone.Build.0 = Release|Any CPU
		{F2F0EB56-7546-4FB4-AE8F-6328F6753256}.Release|iPhone.Deploy.0 = Release|Any CPU
		{F2F0EB56-7546-4FB4-AE8F-6328F6753256}.Release|iPhoneSimulator.ActiveCfg = Release|Any CPU
		{F2F0EB56-7546-4FB4-AE8F-6328F6753256}.Release|iPhoneSimulator.Build.0 = Release|Any CPU
		{F2F0EB56-7546-4FB4-AE8F-6328F6753256}.Release|iPhoneSimulator.Deploy.0 = Release|Any CPU
		{F2F0EB56-7546-4FB4-AE8F-6328F6753256}.Release|x64.ActiveCfg = Release|Any CPU
		{F2F0EB56-7546-4FB4-AE8F-6328F6753256}.Release|x64.Build.0 = Release|Any CPU
		{F2F0EB56-7546-4FB4-AE8F-6328F6753256}.Release|x64.Deploy.0 = Release|Any CPU
		{F2F0EB56-7546-4FB4-AE8F-6328F6753256}.Release|x86.ActiveCfg = Release|Any CPU
		{F2F0EB56-7546-4FB4-AE8F-6328F6753256}.Release|x86.Build.0 = Release|Any CPU
		{F2F0EB56-7546-4FB4-AE8F-6328F6753256}.Release|x86.Deploy.0 = Release|Any CPU
		{B5D99896-E198-41EE-863C-AA9B5A2BCA53}.Debug|Any CPU.ActiveCfg = Debug|iPhone
		{B5D99896-E198-41EE-863C-AA9B5A2BCA53}.Debug|Any CPU.Build.0 = Debug|iPhone
		{B5D99896-E198-41EE-863C-AA9B5A2BCA53}.Debug|Any CPU.Deploy.0 = Debug|iPhone
		{B5D99896-E198-41EE-863C-AA9B5A2BCA53}.Debug|ARM.ActiveCfg = Debug|iPhoneSimulator
		{B5D99896-E198-41EE-863C-AA9B5A2BCA53}.Debug|ARM.Build.0 = Debug|iPhoneSimulator
		{B5D99896-E198-41EE-863C-AA9B5A2BCA53}.Debug|ARM.Deploy.0 = Debug|iPhoneSimulator
		{B5D99896-E198-41EE-863C-AA9B5A2BCA53}.Debug|iPhone.ActiveCfg = Debug|iPhone
		{B5D99896-E198-41EE-863C-AA9B5A2BCA53}.Debug|iPhone.Build.0 = Debug|iPhone
		{B5D99896-E198-41EE-863C-AA9B5A2BCA53}.Debug|iPhone.Deploy.0 = Debug|iPhone
		{B5D99896-E198-41EE-863C-AA9B5A2BCA53}.Debug|iPhoneSimulator.ActiveCfg = Debug|iPhoneSimulator
		{B5D99896-E198-41EE-863C-AA9B5A2BCA53}.Debug|iPhoneSimulator.Build.0 = Debug|iPhoneSimulator
		{B5D99896-E198-41EE-863C-AA9B5A2BCA53}.Debug|iPhoneSimulator.Deploy.0 = Debug|iPhoneSimulator
		{B5D99896-E198-41EE-863C-AA9B5A2BCA53}.Debug|x64.ActiveCfg = Debug|iPhone
		{B5D99896-E198-41EE-863C-AA9B5A2BCA53}.Debug|x64.Build.0 = Debug|iPhone
		{B5D99896-E198-41EE-863C-AA9B5A2BCA53}.Debug|x64.Deploy.0 = Debug|iPhone
		{B5D99896-E198-41EE-863C-AA9B5A2BCA53}.Debug|x86.ActiveCfg = Debug|iPhone
		{B5D99896-E198-41EE-863C-AA9B5A2BCA53}.Debug|x86.Build.0 = Debug|iPhone
		{B5D99896-E198-41EE-863C-AA9B5A2BCA53}.Debug|x86.Deploy.0 = Debug|iPhone
		{B5D99896-E198-41EE-863C-AA9B5A2BCA53}.Release|Any CPU.ActiveCfg = Release|iPhone
		{B5D99896-E198-41EE-863C-AA9B5A2BCA53}.Release|Any CPU.Build.0 = Release|iPhone
		{B5D99896-E198-41EE-863C-AA9B5A2BCA53}.Release|Any CPU.Deploy.0 = Release|iPhone
		{B5D99896-E198-41EE-863C-AA9B5A2BCA53}.Release|ARM.ActiveCfg = Release|iPhone
		{B5D99896-E198-41EE-863C-AA9B5A2BCA53}.Release|ARM.Build.0 = Release|iPhone
		{B5D99896-E198-41EE-863C-AA9B5A2BCA53}.Release|ARM.Deploy.0 = Release|iPhone
		{B5D99896-E198-41EE-863C-AA9B5A2BCA53}.Release|iPhone.ActiveCfg = Release|iPhone
		{B5D99896-E198-41EE-863C-AA9B5A2BCA53}.Release|iPhone.Build.0 = Release|iPhone
		{B5D99896-E198-41EE-863C-AA9B5A2BCA53}.Release|iPhone.Deploy.0 = Release|iPhone
		{B5D99896-E198-41EE-863C-AA9B5A2BCA53}.Release|iPhoneSimulator.ActiveCfg = Release|iPhoneSimulator
		{B5D99896-E198-41EE-863C-AA9B5A2BCA53}.Release|iPhoneSimulator.Build.0 = Release|iPhoneSimulator
		{B5D99896-E198-41EE-863C-AA9B5A2BCA53}.Release|iPhoneSimulator.Deploy.0 = Release|iPhoneSimulator
		{B5D99896-E198-41EE-863C-AA9B5A2BCA53}.Release|x64.ActiveCfg = Release|iPhone
		{B5D99896-E198-41EE-863C-AA9B5A2BCA53}.Release|x64.Build.0 = Release|iPhone
		{B5D99896-E198-41EE-863C-AA9B5A2BCA53}.Release|x64.Deploy.0 = Release|iPhone
		{B5D99896-E198-41EE-863C-AA9B5A2BCA53}.Release|x86.ActiveCfg = Release|iPhone
		{B5D99896-E198-41EE-863C-AA9B5A2BCA53}.Release|x86.Build.0 = Release|iPhone
		{B5D99896-E198-41EE-863C-AA9B5A2BCA53}.Release|x86.Deploy.0 = Release|iPhone
		{F9C97864-654F-4C3C-986A-65A22D59C8E3}.Debug|Any CPU.ActiveCfg = Debug|Any CPU
		{F9C97864-654F-4C3C-986A-65A22D59C8E3}.Debug|Any CPU.Build.0 = Debug|Any CPU
		{F9C97864-654F-4C3C-986A-65A22D59C8E3}.Debug|Any CPU.Deploy.0 = Debug|Any CPU
		{F9C97864-654F-4C3C-986A-65A22D59C8E3}.Debug|ARM.ActiveCfg = Debug|Any CPU
		{F9C97864-654F-4C3C-986A-65A22D59C8E3}.Debug|ARM.Build.0 = Debug|Any CPU
		{F9C97864-654F-4C3C-986A-65A22D59C8E3}.Debug|ARM.Deploy.0 = Debug|Any CPU
		{F9C97864-654F-4C3C-986A-65A22D59C8E3}.Debug|iPhone.ActiveCfg = Debug|Any CPU
		{F9C97864-654F-4C3C-986A-65A22D59C8E3}.Debug|iPhone.Build.0 = Debug|Any CPU
		{F9C97864-654F-4C3C-986A-65A22D59C8E3}.Debug|iPhone.Deploy.0 = Debug|Any CPU
		{F9C97864-654F-4C3C-986A-65A22D59C8E3}.Debug|iPhoneSimulator.ActiveCfg = Debug|Any CPU
		{F9C97864-654F-4C3C-986A-65A22D59C8E3}.Debug|iPhoneSimulator.Build.0 = Debug|Any CPU
		{F9C97864-654F-4C3C-986A-65A22D59C8E3}.Debug|iPhoneSimulator.Deploy.0 = Debug|Any CPU
		{F9C97864-654F-4C3C-986A-65A22D59C8E3}.Debug|x64.ActiveCfg = Debug|Any CPU
		{F9C97864-654F-4C3C-986A-65A22D59C8E3}.Debug|x64.Build.0 = Debug|Any CPU
		{F9C97864-654F-4C3C-986A-65A22D59C8E3}.Debug|x64.Deploy.0 = Debug|Any CPU
		{F9C97864-654F-4C3C-986A-65A22D59C8E3}.Debug|x86.ActiveCfg = Debug|Any CPU
		{F9C97864-654F-4C3C-986A-65A22D59C8E3}.Debug|x86.Build.0 = Debug|Any CPU
		{F9C97864-654F-4C3C-986A-65A22D59C8E3}.Debug|x86.Deploy.0 = Debug|Any CPU
		{F9C97864-654F-4C3C-986A-65A22D59C8E3}.Release|Any CPU.ActiveCfg = Release|Any CPU
		{F9C97864-654F-4C3C-986A-65A22D59C8E3}.Release|Any CPU.Build.0 = Release|Any CPU
		{F9C97864-654F-4C3C-986A-65A22D59C8E3}.Release|Any CPU.Deploy.0 = Release|Any CPU
		{F9C97864-654F-4C3C-986A-65A22D59C8E3}.Release|ARM.ActiveCfg = Release|Any CPU
		{F9C97864-654F-4C3C-986A-65A22D59C8E3}.Release|ARM.Build.0 = Release|Any CPU
		{F9C97864-654F-4C3C-986A-65A22D59C8E3}.Release|ARM.Deploy.0 = Release|Any CPU
		{F9C97864-654F-4C3C-986A-65A22D59C8E3}.Release|iPhone.ActiveCfg = Release|Any CPU
		{F9C97864-654F-4C3C-986A-65A22D59C8E3}.Release|iPhone.Build.0 = Release|Any CPU
		{F9C97864-654F-4C3C-986A-65A22D59C8E3}.Release|iPhone.Deploy.0 = Release|Any CPU
		{F9C97864-654F-4C3C-986A-65A22D59C8E3}.Release|iPhoneSimulator.ActiveCfg = Release|Any CPU
		{F9C97864-654F-4C3C-986A-65A22D59C8E3}.Release|iPhoneSimulator.Build.0 = Release|Any CPU
		{F9C97864-654F-4C3C-986A-65A22D59C8E3}.Release|iPhoneSimulator.Deploy.0 = Release|Any CPU
		{F9C97864-654F-4C3C-986A-65A22D59C8E3}.Release|x64.ActiveCfg = Release|Any CPU
		{F9C97864-654F-4C3C-986A-65A22D59C8E3}.Release|x64.Build.0 = Release|Any CPU
		{F9C97864-654F-4C3C-986A-65A22D59C8E3}.Release|x64.Deploy.0 = Release|Any CPU
		{F9C97864-654F-4C3C-986A-65A22D59C8E3}.Release|x86.ActiveCfg = Release|Any CPU
		{F9C97864-654F-4C3C-986A-65A22D59C8E3}.Release|x86.Build.0 = Release|Any CPU
		{F9C97864-654F-4C3C-986A-65A22D59C8E3}.Release|x86.Deploy.0 = Release|Any CPU
	EndGlobalSection
	GlobalSection(SolutionProperties) = preSolution
		HideSolutionNode = FALSE
	EndGlobalSection
	GlobalSection(ExtensibilityGlobals) = postSolution
		SolutionGuid = {7B8479F0-2050-46F1-A6CB-FCBA6E492F72}
	EndGlobalSection
EndGlobal
